
Microsoft Visual Studio Solution File, Format Version 12.00
# Visual Studio Version 17
VisualStudioVersion = 17.10.35122.118
MinimumVisualStudioVersion = 10.0.40219.1
Project("{FAE04EC0-301F-11D3-BF4B-00C04F79EFBC}") = "AProject_Framework", "Project_Framework\AProject_Framework.csproj", "{0BBDF5F2-D037-47B8-AD68-7DEDF57AA313}"
EndProject
Project("{FAE04EC0-301F-11D3-BF4B-00C04F79EFBC}") = "PageObject", "PajeObject\PageObject.csproj", "{8841CB22-7E0E-4BD6-8CE6-250565F0950E}"
EndProject
Project("{FAE04EC0-301F-11D3-BF4B-00C04F79EFBC}") = "Utilities", "Utilities\Utilities.csproj", "{007CC108-DA42-4E69-8430-6D169C31B42B}"
EndProject
Global
	GlobalSection(SolutionConfigurationPlatforms) = preSolution
		Debug|Any CPU = Debug|Any CPU
		Release|Any CPU = Release|Any CPU
	EndGlobalSection
	GlobalSection(ProjectConfigurationPlatforms) = postSolution
		{0BBDF5F2-D037-47B8-AD68-7DEDF57AA313}.Debug|Any CPU.ActiveCfg = Debug|Any CPU
		{0BBDF5F2-D037-47B8-AD68-7DEDF57AA313}.Debug|Any CPU.Build.0 = Debug|Any CPU
		{0BBDF5F2-D037-47B8-AD68-7DEDF57AA313}.Release|Any CPU.ActiveCfg = Release|Any CPU
		{0BBDF5F2-D037-47B8-AD68-7DEDF57AA313}.Release|Any CPU.Build.0 = Release|Any CPU
		{8841CB22-7E0E-4BD6-8CE6-250565F0950E}.Debug|Any CPU.ActiveCfg = Debug|Any CPU
		{8841CB22-7E0E-4BD6-8CE6-250565F0950E}.Debug|Any CPU.Build.0 = Debug|Any CPU
		{8841CB22-7E0E-4BD6-8CE6-250565F0950E}.Release|Any CPU.ActiveCfg = Release|Any CPU
		{8841CB22-7E0E-4BD6-8CE6-250565F0950E}.Release|Any CPU.Build.0 = Release|Any CPU
		{007CC108-DA42-4E69-8430-6D169C31B42B}.Debug|Any CPU.ActiveCfg = Debug|Any CPU
		{007CC108-DA42-4E69-8430-6D169C31B42B}.Debug|Any CPU.Build.0 = Debug|Any CPU
		{007CC108-DA42-4E69-8430-6D169C31B42B}.Release|Any CPU.ActiveCfg = Release|Any CPU
		{007CC108-DA42-4E69-8430-6D169C31B42B}.Release|Any CPU.Build.0 = Release|Any CPU
	EndGlobalSection
	GlobalSection(SolutionProperties) = preSolution
		HideSolutionNode = FALSE
	EndGlobalSection
	GlobalSection(ExtensibilityGlobals) = postSolution
		SolutionGuid = {ECB52A50-A416-4A61-AEA8-ABE2C9CBD252}
	EndGlobalSection
EndGlobal
